
Microsoft Visual Studio Solution File, Format Version 12.00
# Visual Studio Version 16
VisualStudioVersion = 16.0.29806.167
MinimumVisualStudioVersion = 10.0.40219.1
Project("{FAE04EC0-301F-11D3-BF4B-00C04F79EFBC}") = "Composite", "Composite.csproj", "{06BDE762-4B4E-4C97-891E-EADD048B4168}"
EndProject
Global
	GlobalSection(SolutionConfigurationPlatforms) = preSolution
		Debug|Any CPU = Debug|Any CPU
		Release|Any CPU = Release|Any CPU
	EndGlobalSection
	GlobalSection(ProjectConfigurationPlatforms) = postSolution
		{06BDE762-4B4E-4C97-891E-EADD048B4168}.Debug|Any CPU.ActiveCfg = Debug|Any CPU
		{06BDE762-4B4E-4C97-891E-EADD048B4168}.Debug|Any CPU.Build.0 = Debug|Any CPU
		{06BDE762-4B4E-4C97-891E-EADD048B4168}.Release|Any CPU.ActiveCfg = Release|Any CPU
		{06BDE762-4B4E-4C97-891E-EADD048B4168}.Release|Any CPU.Build.0 = Release|Any CPU
	EndGlobalSection
	GlobalSection(SolutionProperties) = preSolution
		HideSolutionNode = FALSE
	EndGlobalSection
	GlobalSection(ExtensibilityGlobals) = postSolution
		SolutionGuid = {7AAB603E-DA98-43D5-B46A-F4CDD22A5ACE}
	EndGlobalSection
EndGlobal
